
Microsoft Visual Studio Solution File, Format Version 10.00
# Visual Studio 2008
Project("{8BC9CEB8-8B4A-11D0-8D11-00A0C91BC942}") = "HistoryBrowser", "HistoryBrowser\HistoryBrowser.vcproj", "{C29198CF-83EC-4C60-903F-6997441FAD1E}"
	ProjectSection(ProjectDependencies) = postProject
		{C285FBAD-94E0-4C3D-A830-77F0BCBFD76F} = {C285FBAD-94E0-4C3D-A830-77F0BCBFD76F}
	EndProjectSection
EndProject
Project("{8BC9CEB8-8B4A-11D0-8D11-00A0C91BC942}") = "databaselayer_sqlite", "databaselayer\build\databaselayer_databaselayer_sqlite.vcproj", "{C285FBAD-94E0-4C3D-A830-77F0BCBFD76F}"
EndProject
Global
	GlobalSection(SolutionConfigurationPlatforms) = preSolution
		Debug|Win32 = Debug|Win32
		DLL ANSI Debug Monolithic DLL|Win32 = DLL ANSI Debug Monolithic DLL|Win32
		DLL ANSI Debug Monolithic Static|Win32 = DLL ANSI Debug Monolithic Static|Win32
		DLL ANSI Debug Multilib DLL|Win32 = DLL ANSI Debug Multilib DLL|Win32
		DLL ANSI Debug Multilib Static|Win32 = DLL ANSI Debug Multilib Static|Win32
		DLL ANSI Release Monolithic DLL|Win32 = DLL ANSI Release Monolithic DLL|Win32
		DLL ANSI Release Monolithic Static|Win32 = DLL ANSI Release Monolithic Static|Win32
		DLL ANSI Release Multilib DLL|Win32 = DLL ANSI Release Multilib DLL|Win32
		DLL ANSI Release Multilib Static|Win32 = DLL ANSI Release Multilib Static|Win32
		DLL Unicode Debug Monolithic DLL|Win32 = DLL Unicode Debug Monolithic DLL|Win32
		DLL Unicode Debug Monolithic Static|Win32 = DLL Unicode Debug Monolithic Static|Win32
		DLL Unicode Debug Multilib DLL|Win32 = DLL Unicode Debug Multilib DLL|Win32
		DLL Unicode Debug Multilib Static|Win32 = DLL Unicode Debug Multilib Static|Win32
		DLL Unicode Release Monolithic DLL|Win32 = DLL Unicode Release Monolithic DLL|Win32
		DLL Unicode Release Monolithic Static|Win32 = DLL Unicode Release Monolithic Static|Win32
		DLL Unicode Release Multilib DLL|Win32 = DLL Unicode Release Multilib DLL|Win32
		DLL Unicode Release Multilib Static|Win32 = DLL Unicode Release Multilib Static|Win32
		Release|Win32 = Release|Win32
		Static ANSI Debug Monolithic DLL|Win32 = Static ANSI Debug Monolithic DLL|Win32
		Static ANSI Debug Monolithic Static|Win32 = Static ANSI Debug Monolithic Static|Win32
		Static ANSI Debug Multilib DLL|Win32 = Static ANSI Debug Multilib DLL|Win32
		Static ANSI Debug Multilib Static|Win32 = Static ANSI Debug Multilib Static|Win32
		Static ANSI Release Monolithic DLL|Win32 = Static ANSI Release Monolithic DLL|Win32
		Static ANSI Release Monolithic Static|Win32 = Static ANSI Release Monolithic Static|Win32
		Static ANSI Release Multilib DLL|Win32 = Static ANSI Release Multilib DLL|Win32
		Static ANSI Release Multilib Static|Win32 = Static ANSI Release Multilib Static|Win32
		Static Unicode Debug Monolithic DLL|Win32 = Static Unicode Debug Monolithic DLL|Win32
		Static Unicode Debug Monolithic Static|Win32 = Static Unicode Debug Monolithic Static|Win32
		Static Unicode Debug Multilib DLL|Win32 = Static Unicode Debug Multilib DLL|Win32
		Static Unicode Debug Multilib Static|Win32 = Static Unicode Debug Multilib Static|Win32
		Static Unicode Release Monolithic DLL|Win32 = Static Unicode Release Monolithic DLL|Win32
		Static Unicode Release Monolithic Static|Win32 = Static Unicode Release Monolithic Static|Win32
		Static Unicode Release Multilib DLL|Win32 = Static Unicode Release Multilib DLL|Win32
		Static Unicode Release Multilib Static|Win32 = Static Unicode Release Multilib Static|Win32
	EndGlobalSection
	GlobalSection(ProjectConfigurationPlatforms) = postSolution
		{C29198CF-83EC-4C60-903F-6997441FAD1E}.Debug|Win32.ActiveCfg = Debug|Win32
		{C29198CF-83EC-4C60-903F-6997441FAD1E}.Debug|Win32.Build.0 = Debug|Win32
		{C29198CF-83EC-4C60-903F-6997441FAD1E}.DLL ANSI Debug Monolithic DLL|Win32.ActiveCfg = Debug|Win32
		{C29198CF-83EC-4C60-903F-6997441FAD1E}.DLL ANSI Debug Monolithic DLL|Win32.Build.0 = Debug|Win32
		{C29198CF-83EC-4C60-903F-6997441FAD1E}.DLL ANSI Debug Monolithic Static|Win32.ActiveCfg = Debug|Win32
		{C29198CF-83EC-4C60-903F-6997441FAD1E}.DLL ANSI Debug Monolithic Static|Win32.Build.0 = Debug|Win32
		{C29198CF-83EC-4C60-903F-6997441FAD1E}.DLL ANSI Debug Multilib DLL|Win32.ActiveCfg = Debug|Win32
		{C29198CF-83EC-4C60-903F-6997441FAD1E}.DLL ANSI Debug Multilib DLL|Win32.Build.0 = Debug|Win32
		{C29198CF-83EC-4C60-903F-6997441FAD1E}.DLL ANSI Debug Multilib Static|Win32.ActiveCfg = Debug|Win32
		{C29198CF-83EC-4C60-903F-6997441FAD1E}.DLL ANSI Debug Multilib Static|Win32.Build.0 = Debug|Win32
		{C29198CF-83EC-4C60-903F-6997441FAD1E}.DLL ANSI Release Monolithic DLL|Win32.ActiveCfg = Release|Win32
		{C29198CF-83EC-4C60-903F-6997441FAD1E}.DLL ANSI Release Monolithic DLL|Win32.Build.0 = Release|Win32
		{C29198CF-83EC-4C60-903F-6997441FAD1E}.DLL ANSI Release Monolithic Static|Win32.ActiveCfg = Release|Win32
		{C29198CF-83EC-4C60-903F-6997441FAD1E}.DLL ANSI Release Monolithic Static|Win32.Build.0 = Release|Win32
		{C29198CF-83EC-4C60-903F-6997441FAD1E}.DLL ANSI Release Multilib DLL|Win32.ActiveCfg = Release|Win32
		{C29198CF-83EC-4C60-903F-6997441FAD1E}.DLL ANSI Release Multilib DLL|Win32.Build.0 = Release|Win32
		{C29198CF-83EC-4C60-903F-6997441FAD1E}.DLL ANSI Release Multilib Static|Win32.ActiveCfg = Release|Win32
		{C29198CF-83EC-4C60-903F-6997441FAD1E}.DLL ANSI Release Multilib Static|Win32.Build.0 = Release|Win32
		{C29198CF-83EC-4C60-903F-6997441FAD1E}.DLL Unicode Debug Monolithic DLL|Win32.ActiveCfg = Debug|Win32
		{C29198CF-83EC-4C60-903F-6997441FAD1E}.DLL Unicode Debug Monolithic DLL|Win32.Build.0 = Debug|Win32
		{C29198CF-83EC-4C60-903F-6997441FAD1E}.DLL Unicode Debug Monolithic Static|Win32.ActiveCfg = Debug|Win32
		{C29198CF-83EC-4C60-903F-6997441FAD1E}.DLL Unicode Debug Monolithic Static|Win32.Build.0 = Debug|Win32
		{C29198CF-83EC-4C60-903F-6997441FAD1E}.DLL Unicode Debug Multilib DLL|Win32.ActiveCfg = Debug|Win32
		{C29198CF-83EC-4C60-903F-6997441FAD1E}.DLL Unicode Debug Multilib DLL|Win32.Build.0 = Debug|Win32
		{C29198CF-83EC-4C60-903F-6997441FAD1E}.DLL Unicode Debug Multilib Static|Win32.ActiveCfg = Debug|Win32
		{C29198CF-83EC-4C60-903F-6997441FAD1E}.DLL Unicode Debug Multilib Static|Win32.Build.0 = Debug|Win32
		{C29198CF-83EC-4C60-903F-6997441FAD1E}.DLL Unicode Release Monolithic DLL|Win32.ActiveCfg = Release|Win32
		{C29198CF-83EC-4C60-903F-6997441FAD1E}.DLL Unicode Release Monolithic DLL|Win32.Build.0 = Release|Win32
		{C29198CF-83EC-4C60-903F-6997441FAD1E}.DLL Unicode Release Monolithic Static|Win32.ActiveCfg = Release|Win32
		{C29198CF-83EC-4C60-903F-6997441FAD1E}.DLL Unicode Release Monolithic Static|Win32.Build.0 = Release|Win32
		{C29198CF-83EC-4C60-903F-6997441FAD1E}.DLL Unicode Release Multilib DLL|Win32.ActiveCfg = Release|Win32
		{C29198CF-83EC-4C60-903F-6997441FAD1E}.DLL Unicode Release Multilib DLL|Win32.Build.0 = Release|Win32
		{C29198CF-83EC-4C60-903F-6997441FAD1E}.DLL Unicode Release Multilib Static|Win32.ActiveCfg = Release|Win32
		{C29198CF-83EC-4C60-903F-6997441FAD1E}.DLL Unicode Release Multilib Static|Win32.Build.0 = Release|Win32
		{C29198CF-83EC-4C60-903F-6997441FAD1E}.Release|Win32.ActiveCfg = Release|Win32
		{C29198CF-83EC-4C60-903F-6997441FAD1E}.Release|Win32.Build.0 = Release|Win32
		{C29198CF-83EC-4C60-903F-6997441FAD1E}.Static ANSI Debug Monolithic DLL|Win32.ActiveCfg = Debug|Win32
		{C29198CF-83EC-4C60-903F-6997441FAD1E}.Static ANSI Debug Monolithic DLL|Win32.Build.0 = Debug|Win32
		{C29198CF-83EC-4C60-903F-6997441FAD1E}.Static ANSI Debug Monolithic Static|Win32.ActiveCfg = Debug|Win32
		{C29198CF-83EC-4C60-903F-6997441FAD1E}.Static ANSI Debug Monolithic Static|Win32.Build.0 = Debug|Win32
		{C29198CF-83EC-4C60-903F-6997441FAD1E}.Static ANSI Debug Multilib DLL|Win32.ActiveCfg = Debug|Win32
		{C29198CF-83EC-4C60-903F-6997441FAD1E}.Static ANSI Debug Multilib DLL|Win32.Build.0 = Debug|Win32
		{C29198CF-83EC-4C60-903F-6997441FAD1E}.Static ANSI Debug Multilib Static|Win32.ActiveCfg = Debug|Win32
		{C29198CF-83EC-4C60-903F-6997441FAD1E}.Static ANSI Debug Multilib Static|Win32.Build.0 = Debug|Win32
		{C29198CF-83EC-4C60-903F-6997441FAD1E}.Static ANSI Release Monolithic DLL|Win32.ActiveCfg = Release|Win32
		{C29198CF-83EC-4C60-903F-6997441FAD1E}.Static ANSI Release Monolithic DLL|Win32.Build.0 = Release|Win32
		{C29198CF-83EC-4C60-903F-6997441FAD1E}.Static ANSI Release Monolithic Static|Win32.ActiveCfg = Release|Win32
		{C29198CF-83EC-4C60-903F-6997441FAD1E}.Static ANSI Release Monolithic Static|Win32.Build.0 = Release|Win32
		{C29198CF-83EC-4C60-903F-6997441FAD1E}.Static ANSI Release Multilib DLL|Win32.ActiveCfg = Release|Win32
		{C29198CF-83EC-4C60-903F-6997441FAD1E}.Static ANSI Release Multilib DLL|Win32.Build.0 = Release|Win32
		{C29198CF-83EC-4C60-903F-6997441FAD1E}.Static ANSI Release Multilib Static|Win32.ActiveCfg = Release|Win32
		{C29198CF-83EC-4C60-903F-6997441FAD1E}.Static ANSI Release Multilib Static|Win32.Build.0 = Release|Win32
		{C29198CF-83EC-4C60-903F-6997441FAD1E}.Static Unicode Debug Monolithic DLL|Win32.ActiveCfg = Debug|Win32
		{C29198CF-83EC-4C60-903F-6997441FAD1E}.Static Unicode Debug Monolithic DLL|Win32.Build.0 = Debug|Win32
		{C29198CF-83EC-4C60-903F-6997441FAD1E}.Static Unicode Debug Monolithic Static|Win32.ActiveCfg = Debug|Win32
		{C29198CF-83EC-4C60-903F-6997441FAD1E}.Static Unicode Debug Monolithic Static|Win32.Build.0 = Debug|Win32
		{C29198CF-83EC-4C60-903F-6997441FAD1E}.Static Unicode Debug Multilib DLL|Win32.ActiveCfg = Debug|Win32
		{C29198CF-83EC-4C60-903F-6997441FAD1E}.Static Unicode Debug Multilib DLL|Win32.Build.0 = Debug|Win32
		{C29198CF-83EC-4C60-903F-6997441FAD1E}.Static Unicode Debug Multilib Static|Win32.ActiveCfg = Debug|Win32
		{C29198CF-83EC-4C60-903F-6997441FAD1E}.Static Unicode Debug Multilib Static|Win32.Build.0 = Debug|Win32
		{C29198CF-83EC-4C60-903F-6997441FAD1E}.Static Unicode Release Monolithic DLL|Win32.ActiveCfg = Release|Win32
		{C29198CF-83EC-4C60-903F-6997441FAD1E}.Static Unicode Release Monolithic DLL|Win32.Build.0 = Release|Win32
		{C29198CF-83EC-4C60-903F-6997441FAD1E}.Static Unicode Release Monolithic Static|Win32.ActiveCfg = Release|Win32
		{C29198CF-83EC-4C60-903F-6997441FAD1E}.Static Unicode Release Monolithic Static|Win32.Build.0 = Release|Win32
		{C29198CF-83EC-4C60-903F-6997441FAD1E}.Static Unicode Release Multilib DLL|Win32.ActiveCfg = Release|Win32
		{C29198CF-83EC-4C60-903F-6997441FAD1E}.Static Unicode Release Multilib DLL|Win32.Build.0 = Release|Win32
		{C29198CF-83EC-4C60-903F-6997441FAD1E}.Static Unicode Release Multilib Static|Win32.ActiveCfg = Release|Win32
		{C29198CF-83EC-4C60-903F-6997441FAD1E}.Static Unicode Release Multilib Static|Win32.Build.0 = Release|Win32
		{C285FBAD-94E0-4C3D-A830-77F0BCBFD76F}.Debug|Win32.ActiveCfg = Static Unicode Debug Multilib Static|Win32
		{C285FBAD-94E0-4C3D-A830-77F0BCBFD76F}.Debug|Win32.Build.0 = Static Unicode Debug Multilib Static|Win32
		{C285FBAD-94E0-4C3D-A830-77F0BCBFD76F}.DLL ANSI Debug Monolithic DLL|Win32.ActiveCfg = DLL ANSI Debug Monolithic DLL|Win32
		{C285FBAD-94E0-4C3D-A830-77F0BCBFD76F}.DLL ANSI Debug Monolithic DLL|Win32.Build.0 = DLL ANSI Debug Monolithic DLL|Win32
		{C285FBAD-94E0-4C3D-A830-77F0BCBFD76F}.DLL ANSI Debug Monolithic Static|Win32.ActiveCfg = DLL ANSI Debug Monolithic Static|Win32
		{C285FBAD-94E0-4C3D-A830-77F0BCBFD76F}.DLL ANSI Debug Monolithic Static|Win32.Build.0 = DLL ANSI Debug Monolithic Static|Win32
		{C285FBAD-94E0-4C3D-A830-77F0BCBFD76F}.DLL ANSI Debug Multilib DLL|Win32.ActiveCfg = DLL ANSI Debug Multilib DLL|Win32
		{C285FBAD-94E0-4C3D-A830-77F0BCBFD76F}.DLL ANSI Debug Multilib DLL|Win32.Build.0 = DLL ANSI Debug Multilib DLL|Win32
		{C285FBAD-94E0-4C3D-A830-77F0BCBFD76F}.DLL ANSI Debug Multilib Static|Win32.ActiveCfg = DLL ANSI Debug Multilib Static|Win32
		{C285FBAD-94E0-4C3D-A830-77F0BCBFD76F}.DLL ANSI Debug Multilib Static|Win32.Build.0 = DLL ANSI Debug Multilib Static|Win32
		{C285FBAD-94E0-4C3D-A830-77F0BCBFD76F}.DLL ANSI Release Monolithic DLL|Win32.ActiveCfg = DLL ANSI Release Monolithic DLL|Win32
		{C285FBAD-94E0-4C3D-A830-77F0BCBFD76F}.DLL ANSI Release Monolithic DLL|Win32.Build.0 = DLL ANSI Release Monolithic DLL|Win32
		{C285FBAD-94E0-4C3D-A830-77F0BCBFD76F}.DLL ANSI Release Monolithic Static|Win32.ActiveCfg = DLL ANSI Release Monolithic Static|Win32
		{C285FBAD-94E0-4C3D-A830-77F0BCBFD76F}.DLL ANSI Release Monolithic Static|Win32.Build.0 = DLL ANSI Release Monolithic Static|Win32
		{C285FBAD-94E0-4C3D-A830-77F0BCBFD76F}.DLL ANSI Release Multilib DLL|Win32.ActiveCfg = DLL ANSI Release Multilib DLL|Win32
		{C285FBAD-94E0-4C3D-A830-77F0BCBFD76F}.DLL ANSI Release Multilib DLL|Win32.Build.0 = DLL ANSI Release Multilib DLL|Win32
		{C285FBAD-94E0-4C3D-A830-77F0BCBFD76F}.DLL ANSI Release Multilib Static|Win32.ActiveCfg = DLL ANSI Release Multilib Static|Win32
		{C285FBAD-94E0-4C3D-A830-77F0BCBFD76F}.DLL ANSI Release Multilib Static|Win32.Build.0 = DLL ANSI Release Multilib Static|Win32
		{C285FBAD-94E0-4C3D-A830-77F0BCBFD76F}.DLL Unicode Debug Monolithic DLL|Win32.ActiveCfg = DLL Unicode Debug Monolithic DLL|Win32
		{C285FBAD-94E0-4C3D-A830-77F0BCBFD76F}.DLL Unicode Debug Monolithic DLL|Win32.Build.0 = DLL Unicode Debug Monolithic DLL|Win32
		{C285FBAD-94E0-4C3D-A830-77F0BCBFD76F}.DLL Unicode Debug Monolithic Static|Win32.ActiveCfg = DLL Unicode Debug Monolithic Static|Win32
		{C285FBAD-94E0-4C3D-A830-77F0BCBFD76F}.DLL Unicode Debug Monolithic Static|Win32.Build.0 = DLL Unicode Debug Monolithic Static|Win32
		{C285FBAD-94E0-4C3D-A830-77F0BCBFD76F}.DLL Unicode Debug Multilib DLL|Win32.ActiveCfg = DLL Unicode Debug Multilib DLL|Win32
		{C285FBAD-94E0-4C3D-A830-77F0BCBFD76F}.DLL Unicode Debug Multilib DLL|Win32.Build.0 = DLL Unicode Debug Multilib DLL|Win32
		{C285FBAD-94E0-4C3D-A830-77F0BCBFD76F}.DLL Unicode Debug Multilib Static|Win32.ActiveCfg = DLL Unicode Debug Multilib Static|Win32
		{C285FBAD-94E0-4C3D-A830-77F0BCBFD76F}.DLL Unicode Debug Multilib Static|Win32.Build.0 = DLL Unicode Debug Multilib Static|Win32
		{C285FBAD-94E0-4C3D-A830-77F0BCBFD76F}.DLL Unicode Release Monolithic DLL|Win32.ActiveCfg = DLL Unicode Release Monolithic DLL|Win32
		{C285FBAD-94E0-4C3D-A830-77F0BCBFD76F}.DLL Unicode Release Monolithic DLL|Win32.Build.0 = DLL Unicode Release Monolithic DLL|Win32
		{C285FBAD-94E0-4C3D-A830-77F0BCBFD76F}.DLL Unicode Release Monolithic Static|Win32.ActiveCfg = DLL Unicode Release Monolithic Static|Win32
		{C285FBAD-94E0-4C3D-A830-77F0BCBFD76F}.DLL Unicode Release Monolithic Static|Win32.Build.0 = DLL Unicode Release Monolithic Static|Win32
		{C285FBAD-94E0-4C3D-A830-77F0BCBFD76F}.DLL Unicode Release Multilib DLL|Win32.ActiveCfg = DLL Unicode Release Multilib DLL|Win32
		{C285FBAD-94E0-4C3D-A830-77F0BCBFD76F}.DLL Unicode Release Multilib DLL|Win32.Build.0 = DLL Unicode Release Multilib DLL|Win32
		{C285FBAD-94E0-4C3D-A830-77F0BCBFD76F}.DLL Unicode Release Multilib Static|Win32.ActiveCfg = DLL Unicode Release Multilib Static|Win32
		{C285FBAD-94E0-4C3D-A830-77F0BCBFD76F}.DLL Unicode Release Multilib Static|Win32.Build.0 = DLL Unicode Release Multilib Static|Win32
		{C285FBAD-94E0-4C3D-A830-77F0BCBFD76F}.Release|Win32.ActiveCfg = Static Unicode Release Multilib Static|Win32
		{C285FBAD-94E0-4C3D-A830-77F0BCBFD76F}.Release|Win32.Build.0 = Static Unicode Release Multilib Static|Win32
		{C285FBAD-94E0-4C3D-A830-77F0BCBFD76F}.Static ANSI Debug Monolithic DLL|Win32.ActiveCfg = Static ANSI Debug Monolithic DLL|Win32
		{C285FBAD-94E0-4C3D-A830-77F0BCBFD76F}.Static ANSI Debug Monolithic DLL|Win32.Build.0 = Static ANSI Debug Monolithic DLL|Win32
		{C285FBAD-94E0-4C3D-A830-77F0BCBFD76F}.Static ANSI Debug Monolithic Static|Win32.ActiveCfg = Static ANSI Debug Monolithic Static|Win32
		{C285FBAD-94E0-4C3D-A830-77F0BCBFD76F}.Static ANSI Debug Monolithic Static|Win32.Build.0 = Static ANSI Debug Monolithic Static|Win32
		{C285FBAD-94E0-4C3D-A830-77F0BCBFD76F}.Static ANSI Debug Multilib DLL|Win32.ActiveCfg = Static ANSI Debug Multilib DLL|Win32
		{C285FBAD-94E0-4C3D-A830-77F0BCBFD76F}.Static ANSI Debug Multilib DLL|Win32.Build.0 = Static ANSI Debug Multilib DLL|Win32
		{C285FBAD-94E0-4C3D-A830-77F0BCBFD76F}.Static ANSI Debug Multilib Static|Win32.ActiveCfg = Static ANSI Debug Multilib Static|Win32
		{C285FBAD-94E0-4C3D-A830-77F0BCBFD76F}.Static ANSI Debug Multilib Static|Win32.Build.0 = Static ANSI Debug Multilib Static|Win32
		{C285FBAD-94E0-4C3D-A830-77F0BCBFD76F}.Static ANSI Release Monolithic DLL|Win32.ActiveCfg = Static ANSI Release Monolithic DLL|Win32
		{C285FBAD-94E0-4C3D-A830-77F0BCBFD76F}.Static ANSI Release Monolithic DLL|Win32.Build.0 = Static ANSI Release Monolithic DLL|Win32
		{C285FBAD-94E0-4C3D-A830-77F0BCBFD76F}.Static ANSI Release Monolithic Static|Win32.ActiveCfg = Static ANSI Release Monolithic Static|Win32
		{C285FBAD-94E0-4C3D-A830-77F0BCBFD76F}.Static ANSI Release Monolithic Static|Win32.Build.0 = Static ANSI Release Monolithic Static|Win32
		{C285FBAD-94E0-4C3D-A830-77F0BCBFD76F}.Static ANSI Release Multilib DLL|Win32.ActiveCfg = Static ANSI Release Multilib DLL|Win32
		{C285FBAD-94E0-4C3D-A830-77F0BCBFD76F}.Static ANSI Release Multilib DLL|Win32.Build.0 = Static ANSI Release Multilib DLL|Win32
		{C285FBAD-94E0-4C3D-A830-77F0BCBFD76F}.Static ANSI Release Multilib Static|Win32.ActiveCfg = Static ANSI Release Multilib Static|Win32
		{C285FBAD-94E0-4C3D-A830-77F0BCBFD76F}.Static ANSI Release Multilib Static|Win32.Build.0 = Static ANSI Release Multilib Static|Win32
		{C285FBAD-94E0-4C3D-A830-77F0BCBFD76F}.Static Unicode Debug Monolithic DLL|Win32.ActiveCfg = Static Unicode Debug Monolithic DLL|Win32
		{C285FBAD-94E0-4C3D-A830-77F0BCBFD76F}.Static Unicode Debug Monolithic DLL|Win32.Build.0 = Static Unicode Debug Monolithic DLL|Win32
		{C285FBAD-94E0-4C3D-A830-77F0BCBFD76F}.Static Unicode Debug Monolithic Static|Win32.ActiveCfg = Static Unicode Debug Monolithic Static|Win32
		{C285FBAD-94E0-4C3D-A830-77F0BCBFD76F}.Static Unicode Debug Monolithic Static|Win32.Build.0 = Static Unicode Debug Monolithic Static|Win32
		{C285FBAD-94E0-4C3D-A830-77F0BCBFD76F}.Static Unicode Debug Multilib DLL|Win32.ActiveCfg = Static Unicode Debug Multilib DLL|Win32
		{C285FBAD-94E0-4C3D-A830-77F0BCBFD76F}.Static Unicode Debug Multilib DLL|Win32.Build.0 = Static Unicode Debug Multilib DLL|Win32
		{C285FBAD-94E0-4C3D-A830-77F0BCBFD76F}.Static Unicode Debug Multilib Static|Win32.ActiveCfg = Static Unicode Debug Multilib Static|Win32
		{C285FBAD-94E0-4C3D-A830-77F0BCBFD76F}.Static Unicode Debug Multilib Static|Win32.Build.0 = Static Unicode Debug Multilib Static|Win32
		{C285FBAD-94E0-4C3D-A830-77F0BCBFD76F}.Static Unicode Release Monolithic DLL|Win32.ActiveCfg = Static Unicode Release Monolithic DLL|Win32
		{C285FBAD-94E0-4C3D-A830-77F0BCBFD76F}.Static Unicode Release Monolithic DLL|Win32.Build.0 = Static Unicode Release Monolithic DLL|Win32
		{C285FBAD-94E0-4C3D-A830-77F0BCBFD76F}.Static Unicode Release Monolithic Static|Win32.ActiveCfg = Static Unicode Release Monolithic Static|Win32
		{C285FBAD-94E0-4C3D-A830-77F0BCBFD76F}.Static Unicode Release Monolithic Static|Win32.Build.0 = Static Unicode Release Monolithic Static|Win32
		{C285FBAD-94E0-4C3D-A830-77F0BCBFD76F}.Static Unicode Release Multilib DLL|Win32.ActiveCfg = Static Unicode Release Multilib DLL|Win32
		{C285FBAD-94E0-4C3D-A830-77F0BCBFD76F}.Static Unicode Release Multilib DLL|Win32.Build.0 = Static Unicode Release Multilib DLL|Win32
		{C285FBAD-94E0-4C3D-A830-77F0BCBFD76F}.Static Unicode Release Multilib Static|Win32.ActiveCfg = Static Unicode Release Multilib Static|Win32
		{C285FBAD-94E0-4C3D-A830-77F0BCBFD76F}.Static Unicode Release Multilib Static|Win32.Build.0 = Static Unicode Release Multilib Static|Win32
	EndGlobalSection
	GlobalSection(SolutionProperties) = preSolution
		HideSolutionNode = FALSE
	EndGlobalSection
EndGlobal
